// !$*UTF8*$!
{
	archiveVersion = 1;
	classes = {
	};
	objectVersion = 46;
	objects = {

/* Begin PBXBuildFile section */
		3617DEF91ACC376E0078F4E3 /* main.m in Sources */ = {isa = PBXBuildFile; fileRef = 3617DEF81ACC376E0078F4E3 /* main.m */; };
		3617DF021ACC376E0078F4E3 /* Main.storyboard in Resources */ = {isa = PBXBuildFile; fileRef = 3617DF001ACC376E0078F4E3 /* Main.storyboard */; };
		3617DF041ACC376E0078F4E3 /* Images.xcassets in Resources */ = {isa = PBXBuildFile; fileRef = 3617DF031ACC376E0078F4E3 /* Images.xcassets */; };
		3617DF071ACC376E0078F4E3 /* LaunchScreen.xib in Resources */ = {isa = PBXBuildFile; fileRef = 3617DF051ACC376E0078F4E3 /* LaunchScreen.xib */; };
		3617DF131ACC376E0078F4E3 /* TeachersChooseTests.m in Sources */ = {isa = PBXBuildFile; fileRef = 3617DF121ACC376E0078F4E3 /* TeachersChooseTests.m */; };
		369388411ACC3DAC00E7A2E6 /* FISDonorsChooseAPI.m in Sources */ = {isa = PBXBuildFile; fileRef = 3693883E1ACC3DAC00E7A2E6 /* FISDonorsChooseAPI.m */; };
		369388421ACC3DAC00E7A2E6 /* FISDonorsChooseProposal.m in Sources */ = {isa = PBXBuildFile; fileRef = 369388401ACC3DAC00E7A2E6 /* FISDonorsChooseProposal.m */; };
		3693884F1ACC788F00E7A2E6 /* FISDonorsChooseTeacher.m in Sources */ = {isa = PBXBuildFile; fileRef = 3693884E1ACC788F00E7A2E6 /* FISDonorsChooseTeacher.m */; };
		36AE94481AD45F5800F32AD5 /* UIColor+DonorsChooseColors.m in Sources */ = {isa = PBXBuildFile; fileRef = 36AE94471AD45F5800F32AD5 /* UIColor+DonorsChooseColors.m */; };
		36AE944E1AD47B0A00F32AD5 /* NSDate+DateConvenienceMethods.m in Sources */ = {isa = PBXBuildFile; fileRef = 36AE944D1AD47B0A00F32AD5 /* NSDate+DateConvenienceMethods.m */; };
		36B124131ACDAF8E009866EB /* FISParseAPI.m in Sources */ = {isa = PBXBuildFile; fileRef = 36B124121ACDAF8E009866EB /* FISParseAPI.m */; };
		36B124161AD18670009866EB /* FISDonation.m in Sources */ = {isa = PBXBuildFile; fileRef = 36B124151AD18670009866EB /* FISDonation.m */; };
		36C67098E328C4594321760C /* libPods.a in Frameworks */ = {isa = PBXBuildFile; fileRef = 6E3A6D663C527B52F55FDB09 /* libPods.a */; };
		3D577A211ACDDF02007F7A01 /* ProposalTableViewCell.m in Sources */ = {isa = PBXBuildFile; fileRef = 3D577A201ACDDF02007F7A01 /* ProposalTableViewCell.m */; };
		3D7F12C81ACEEB2F0038C31B /* Proposal.m in Sources */ = {isa = PBXBuildFile; fileRef = 3D7F12C71ACEEB2F0038C31B /* Proposal.m */; };
		3DAB19BF1ACD8DF800623967 /* FISConstants.m in Sources */ = {isa = PBXBuildFile; fileRef = 3DAB19BE1ACD8DF800623967 /* FISConstants.m */; };
		3DAB19C21ACD9B1F00623967 /* MainTableViewViewController.m in Sources */ = {isa = PBXBuildFile; fileRef = 3DAB19C11ACD9B1F00623967 /* MainTableViewViewController.m */; };
		E25D84A51ACDE1FB00D98118 /* CommentsTableViewController.m in Sources */ = {isa = PBXBuildFile; fileRef = E25D84A41ACDE1FB00D98118 /* CommentsTableViewController.m */; };
		E25D84AD1ACED68A00D98118 /* CompletionImageCollectionViewCell.m in Sources */ = {isa = PBXBuildFile; fileRef = E25D84A91ACED68A00D98118 /* CompletionImageCollectionViewCell.m */; };
		E25D84AE1ACED68A00D98118 /* PhotoManagerViewController.m in Sources */ = {isa = PBXBuildFile; fileRef = E25D84AB1ACED68A00D98118 /* PhotoManagerViewController.m */; };
		E25D84B11ACED69600D98118 /* CameraTest.storyboard in Resources */ = {isa = PBXBuildFile; fileRef = E25D84B01ACED69600D98118 /* CameraTest.storyboard */; };
		E25D84B51ACEDBDF00D98118 /* FakeHomepageTableViewController.m in Sources */ = {isa = PBXBuildFile; fileRef = E25D84B41ACEDBDF00D98118 /* FakeHomepageTableViewController.m */; };
		E25D84B71ACEDCCB00D98118 /* FakeMainStoryboard.storyboard in Resources */ = {isa = PBXBuildFile; fileRef = E25D84B61ACEDCCB00D98118 /* FakeMainStoryboard.storyboard */; };
		E25D84BA1ACEDE1000D98118 /* DetailsTabBarController.m in Sources */ = {isa = PBXBuildFile; fileRef = E25D84B91ACEDE1000D98118 /* DetailsTabBarController.m */; };
		E25D84BC1ACEE12C00D98118 /* PhotoManagerView.xib in Resources */ = {isa = PBXBuildFile; fileRef = E25D84BB1ACEE12C00D98118 /* PhotoManagerView.xib */; };
		E25D84BF1ACEE13B00D98118 /* PhotoManagerView.m in Sources */ = {isa = PBXBuildFile; fileRef = E25D84BE1ACEE13B00D98118 /* PhotoManagerView.m */; };
		E25D84C31ACEFFB700D98118 /* DonorsTableViewController.m in Sources */ = {isa = PBXBuildFile; fileRef = E25D84C21ACEFFB700D98118 /* DonorsTableViewController.m */; };
		E25D84C71ACF013600D98118 /* StatDetailsViewController.m in Sources */ = {isa = PBXBuildFile; fileRef = E25D84C61ACF013600D98118 /* StatDetailsViewController.m */; };
		E26AD5DB1AD33D6400BACAE8 /* AppDelegate.m in Sources */ = {isa = PBXBuildFile; fileRef = 3617DEFB1ACC376E0078F4E3 /* AppDelegate.m */; };
		E26AD5DC1AD33D7900BACAE8 /* FISDonorsChooseDatastore.m in Sources */ = {isa = PBXBuildFile; fileRef = 369388441ACC3DDD00E7A2E6 /* FISDonorsChooseDatastore.m */; };
		E26AD5DD1AD33D9200BACAE8 /* veryFirstViewController.m in Sources */ = {isa = PBXBuildFile; fileRef = 3617DEFE1ACC376E0078F4E3 /* veryFirstViewController.m */; };
/* End PBXBuildFile section */

/* Begin PBXContainerItemProxy section */
		3617DF0D1ACC376E0078F4E3 /* PBXContainerItemProxy */ = {
			isa = PBXContainerItemProxy;
			containerPortal = 3617DEEB1ACC376E0078F4E3 /* Project object */;
			proxyType = 1;
			remoteGlobalIDString = 3617DEF21ACC376E0078F4E3;
			remoteInfo = TeachersChoose;
		};
/* End PBXContainerItemProxy section */

/* Begin PBXFileReference section */
		360394F61ACCA70500114853 /* LogInViewController.h */ = {isa = PBXFileReference; fileEncoding = 4; lastKnownFileType = sourcecode.c.h; name = LogInViewController.h; path = TeachersChoose/LogInViewController.h; sourceTree = "<group>"; };
		360394F71ACCA70500114853 /* LogInViewController.m */ = {isa = PBXFileReference; fileEncoding = 4; lastKnownFileType = sourcecode.c.objc; name = LogInViewController.m; path = TeachersChoose/LogInViewController.m; sourceTree = "<group>"; };
		360394F81ACCA70500114853 /* SignUpViewController.h */ = {isa = PBXFileReference; fileEncoding = 4; lastKnownFileType = sourcecode.c.h; name = SignUpViewController.h; path = TeachersChoose/SignUpViewController.h; sourceTree = "<group>"; };
		360394F91ACCA70500114853 /* SignUpViewController.m */ = {isa = PBXFileReference; fileEncoding = 4; lastKnownFileType = sourcecode.c.objc; name = SignUpViewController.m; path = TeachersChoose/SignUpViewController.m; sourceTree = "<group>"; };
		3617DEF31ACC376E0078F4E3 /* TeachersChoose.app */ = {isa = PBXFileReference; explicitFileType = wrapper.application; includeInIndex = 0; path = TeachersChoose.app; sourceTree = BUILT_PRODUCTS_DIR; };
		3617DEF71ACC376E0078F4E3 /* Info.plist */ = {isa = PBXFileReference; lastKnownFileType = text.plist.xml; path = Info.plist; sourceTree = "<group>"; };
		3617DEF81ACC376E0078F4E3 /* main.m */ = {isa = PBXFileReference; lastKnownFileType = sourcecode.c.objc; path = main.m; sourceTree = "<group>"; };
		3617DEFA1ACC376E0078F4E3 /* AppDelegate.h */ = {isa = PBXFileReference; lastKnownFileType = sourcecode.c.h; path = AppDelegate.h; sourceTree = "<group>"; };
		3617DEFB1ACC376E0078F4E3 /* AppDelegate.m */ = {isa = PBXFileReference; lastKnownFileType = sourcecode.c.objc; path = AppDelegate.m; sourceTree = "<group>"; };
		3617DEFD1ACC376E0078F4E3 /* veryFirstViewController.h */ = {isa = PBXFileReference; lastKnownFileType = sourcecode.c.h; path = veryFirstViewController.h; sourceTree = "<group>"; };
		3617DEFE1ACC376E0078F4E3 /* veryFirstViewController.m */ = {isa = PBXFileReference; lastKnownFileType = sourcecode.c.objc; path = veryFirstViewController.m; sourceTree = "<group>"; };
		3617DF011ACC376E0078F4E3 /* Base */ = {isa = PBXFileReference; lastKnownFileType = file.storyboard; name = Base; path = Base.lproj/Main.storyboard; sourceTree = "<group>"; };
		3617DF031ACC376E0078F4E3 /* Images.xcassets */ = {isa = PBXFileReference; lastKnownFileType = folder.assetcatalog; path = Images.xcassets; sourceTree = "<group>"; };
		3617DF061ACC376E0078F4E3 /* Base */ = {isa = PBXFileReference; lastKnownFileType = file.xib; name = Base; path = Base.lproj/LaunchScreen.xib; sourceTree = "<group>"; };
		3617DF0C1ACC376E0078F4E3 /* TeachersChooseTests.xctest */ = {isa = PBXFileReference; explicitFileType = wrapper.cfbundle; includeInIndex = 0; path = TeachersChooseTests.xctest; sourceTree = BUILT_PRODUCTS_DIR; };
		3617DF111ACC376E0078F4E3 /* Info.plist */ = {isa = PBXFileReference; lastKnownFileType = text.plist.xml; path = Info.plist; sourceTree = "<group>"; };
		3617DF121ACC376E0078F4E3 /* TeachersChooseTests.m */ = {isa = PBXFileReference; lastKnownFileType = sourcecode.c.objc; path = TeachersChooseTests.m; sourceTree = "<group>"; };
		3693883D1ACC3DAC00E7A2E6 /* FISDonorsChooseAPI.h */ = {isa = PBXFileReference; fileEncoding = 4; lastKnownFileType = sourcecode.c.h; name = FISDonorsChooseAPI.h; path = TeachersChoose/FISDonorsChooseAPI.h; sourceTree = "<group>"; };
		3693883E1ACC3DAC00E7A2E6 /* FISDonorsChooseAPI.m */ = {isa = PBXFileReference; fileEncoding = 4; lastKnownFileType = sourcecode.c.objc; name = FISDonorsChooseAPI.m; path = TeachersChoose/FISDonorsChooseAPI.m; sourceTree = "<group>"; };
		3693883F1ACC3DAC00E7A2E6 /* FISDonorsChooseProposal.h */ = {isa = PBXFileReference; fileEncoding = 4; lastKnownFileType = sourcecode.c.h; name = FISDonorsChooseProposal.h; path = TeachersChoose/FISDonorsChooseProposal.h; sourceTree = "<group>"; };
		369388401ACC3DAC00E7A2E6 /* FISDonorsChooseProposal.m */ = {isa = PBXFileReference; fileEncoding = 4; lastKnownFileType = sourcecode.c.objc; name = FISDonorsChooseProposal.m; path = TeachersChoose/FISDonorsChooseProposal.m; sourceTree = "<group>"; };
		369388431ACC3DDC00E7A2E6 /* FISDonorsChooseDatastore.h */ = {isa = PBXFileReference; fileEncoding = 4; lastKnownFileType = sourcecode.c.h; name = FISDonorsChooseDatastore.h; path = TeachersChoose/FISDonorsChooseDatastore.h; sourceTree = "<group>"; };
		369388441ACC3DDD00E7A2E6 /* FISDonorsChooseDatastore.m */ = {isa = PBXFileReference; fileEncoding = 4; lastKnownFileType = sourcecode.c.objc; name = FISDonorsChooseDatastore.m; path = TeachersChoose/FISDonorsChooseDatastore.m; sourceTree = "<group>"; };
		3693884D1ACC788F00E7A2E6 /* FISDonorsChooseTeacher.h */ = {isa = PBXFileReference; fileEncoding = 4; lastKnownFileType = sourcecode.c.h; name = FISDonorsChooseTeacher.h; path = TeachersChoose/FISDonorsChooseTeacher.h; sourceTree = "<group>"; };
		3693884E1ACC788F00E7A2E6 /* FISDonorsChooseTeacher.m */ = {isa = PBXFileReference; fileEncoding = 4; lastKnownFileType = sourcecode.c.objc; name = FISDonorsChooseTeacher.m; path = TeachersChoose/FISDonorsChooseTeacher.m; sourceTree = "<group>"; };
		36AE94461AD45F5800F32AD5 /* UIColor+DonorsChooseColors.h */ = {isa = PBXFileReference; fileEncoding = 4; lastKnownFileType = sourcecode.c.h; path = "UIColor+DonorsChooseColors.h"; sourceTree = "<group>"; };
		36AE94471AD45F5800F32AD5 /* UIColor+DonorsChooseColors.m */ = {isa = PBXFileReference; fileEncoding = 4; lastKnownFileType = sourcecode.c.objc; path = "UIColor+DonorsChooseColors.m"; sourceTree = "<group>"; };
		36AE944C1AD47B0A00F32AD5 /* NSDate+DateConvenienceMethods.h */ = {isa = PBXFileReference; fileEncoding = 4; lastKnownFileType = sourcecode.c.h; path = "NSDate+DateConvenienceMethods.h"; sourceTree = "<group>"; };
		36AE944D1AD47B0A00F32AD5 /* NSDate+DateConvenienceMethods.m */ = {isa = PBXFileReference; fileEncoding = 4; lastKnownFileType = sourcecode.c.objc; path = "NSDate+DateConvenienceMethods.m"; sourceTree = "<group>"; };
		36B124111ACDAF8E009866EB /* FISParseAPI.h */ = {isa = PBXFileReference; fileEncoding = 4; lastKnownFileType = sourcecode.c.h; path = FISParseAPI.h; sourceTree = "<group>"; };
		36B124121ACDAF8E009866EB /* FISParseAPI.m */ = {isa = PBXFileReference; fileEncoding = 4; lastKnownFileType = sourcecode.c.objc; path = FISParseAPI.m; sourceTree = "<group>"; };
		36B124141AD18670009866EB /* FISDonation.h */ = {isa = PBXFileReference; fileEncoding = 4; lastKnownFileType = sourcecode.c.h; path = FISDonation.h; sourceTree = "<group>"; };
		36B124151AD18670009866EB /* FISDonation.m */ = {isa = PBXFileReference; fileEncoding = 4; lastKnownFileType = sourcecode.c.objc; path = FISDonation.m; sourceTree = "<group>"; };
		3D577A1F1ACDDF02007F7A01 /* ProposalTableViewCell.h */ = {isa = PBXFileReference; fileEncoding = 4; lastKnownFileType = sourcecode.c.h; path = ProposalTableViewCell.h; sourceTree = "<group>"; };
		3D577A201ACDDF02007F7A01 /* ProposalTableViewCell.m */ = {isa = PBXFileReference; fileEncoding = 4; lastKnownFileType = sourcecode.c.objc; path = ProposalTableViewCell.m; sourceTree = "<group>"; };
		3D7F12C61ACEEB2F0038C31B /* Proposal.h */ = {isa = PBXFileReference; fileEncoding = 4; lastKnownFileType = sourcecode.c.h; path = Proposal.h; sourceTree = "<group>"; };
		3D7F12C71ACEEB2F0038C31B /* Proposal.m */ = {isa = PBXFileReference; fileEncoding = 4; lastKnownFileType = sourcecode.c.objc; path = Proposal.m; sourceTree = "<group>"; };
		3DAB19BD1ACD8DF800623967 /* FISConstants.h */ = {isa = PBXFileReference; fileEncoding = 4; lastKnownFileType = sourcecode.c.h; name = FISConstants.h; path = TeachersChoose/FISConstants.h; sourceTree = "<group>"; };
		3DAB19BE1ACD8DF800623967 /* FISConstants.m */ = {isa = PBXFileReference; fileEncoding = 4; lastKnownFileType = sourcecode.c.objc; name = FISConstants.m; path = TeachersChoose/FISConstants.m; sourceTree = "<group>"; };
		3DAB19C01ACD9B1F00623967 /* MainTableViewViewController.h */ = {isa = PBXFileReference; fileEncoding = 4; lastKnownFileType = sourcecode.c.h; path = MainTableViewViewController.h; sourceTree = "<group>"; };
		3DAB19C11ACD9B1F00623967 /* MainTableViewViewController.m */ = {isa = PBXFileReference; fileEncoding = 4; lastKnownFileType = sourcecode.c.objc; path = MainTableViewViewController.m; sourceTree = "<group>"; };
		6E3A6D663C527B52F55FDB09 /* libPods.a */ = {isa = PBXFileReference; explicitFileType = archive.ar; includeInIndex = 0; path = libPods.a; sourceTree = BUILT_PRODUCTS_DIR; };
		C3CF127D1B9343EE2845CDD4 /* Pods.debug.xcconfig */ = {isa = PBXFileReference; includeInIndex = 1; lastKnownFileType = text.xcconfig; name = Pods.debug.xcconfig; path = "Pods/Target Support Files/Pods/Pods.debug.xcconfig"; sourceTree = "<group>"; };
		E25D84A31ACDE1FB00D98118 /* CommentsTableViewController.h */ = {isa = PBXFileReference; fileEncoding = 4; lastKnownFileType = sourcecode.c.h; path = CommentsTableViewController.h; sourceTree = "<group>"; };
		E25D84A41ACDE1FB00D98118 /* CommentsTableViewController.m */ = {isa = PBXFileReference; fileEncoding = 4; lastKnownFileType = sourcecode.c.objc; path = CommentsTableViewController.m; sourceTree = "<group>"; };
		E25D84A81ACED68A00D98118 /* CompletionImageCollectionViewCell.h */ = {isa = PBXFileReference; fileEncoding = 4; lastKnownFileType = sourcecode.c.h; name = CompletionImageCollectionViewCell.h; path = TeachersChoose/CompletionImageCollectionViewCell.h; sourceTree = "<group>"; };
		E25D84A91ACED68A00D98118 /* CompletionImageCollectionViewCell.m */ = {isa = PBXFileReference; fileEncoding = 4; lastKnownFileType = sourcecode.c.objc; name = CompletionImageCollectionViewCell.m; path = TeachersChoose/CompletionImageCollectionViewCell.m; sourceTree = "<group>"; };
		E25D84AA1ACED68A00D98118 /* PhotoManagerViewController.h */ = {isa = PBXFileReference; fileEncoding = 4; lastKnownFileType = sourcecode.c.h; name = PhotoManagerViewController.h; path = TeachersChoose/PhotoManagerViewController.h; sourceTree = "<group>"; };
		E25D84AB1ACED68A00D98118 /* PhotoManagerViewController.m */ = {isa = PBXFileReference; fileEncoding = 4; lastKnownFileType = sourcecode.c.objc; name = PhotoManagerViewController.m; path = TeachersChoose/PhotoManagerViewController.m; sourceTree = "<group>"; };
		E25D84B01ACED69600D98118 /* CameraTest.storyboard */ = {isa = PBXFileReference; fileEncoding = 4; lastKnownFileType = file.storyboard; name = CameraTest.storyboard; path = TeachersChoose/CameraTest.storyboard; sourceTree = "<group>"; };
		E25D84B31ACEDBDF00D98118 /* FakeHomepageTableViewController.h */ = {isa = PBXFileReference; fileEncoding = 4; lastKnownFileType = sourcecode.c.h; path = FakeHomepageTableViewController.h; sourceTree = "<group>"; };
		E25D84B41ACEDBDF00D98118 /* FakeHomepageTableViewController.m */ = {isa = PBXFileReference; fileEncoding = 4; lastKnownFileType = sourcecode.c.objc; path = FakeHomepageTableViewController.m; sourceTree = "<group>"; };
		E25D84B61ACEDCCB00D98118 /* FakeMainStoryboard.storyboard */ = {isa = PBXFileReference; fileEncoding = 4; lastKnownFileType = file.storyboard; path = FakeMainStoryboard.storyboard; sourceTree = "<group>"; };
		E25D84B81ACEDE1000D98118 /* DetailsTabBarController.h */ = {isa = PBXFileReference; fileEncoding = 4; lastKnownFileType = sourcecode.c.h; path = DetailsTabBarController.h; sourceTree = "<group>"; };
		E25D84B91ACEDE1000D98118 /* DetailsTabBarController.m */ = {isa = PBXFileReference; fileEncoding = 4; lastKnownFileType = sourcecode.c.objc; path = DetailsTabBarController.m; sourceTree = "<group>"; };
		E25D84BB1ACEE12C00D98118 /* PhotoManagerView.xib */ = {isa = PBXFileReference; fileEncoding = 4; lastKnownFileType = file.xib; path = PhotoManagerView.xib; sourceTree = "<group>"; };
		E25D84BD1ACEE13B00D98118 /* PhotoManagerView.h */ = {isa = PBXFileReference; fileEncoding = 4; lastKnownFileType = sourcecode.c.h; path = PhotoManagerView.h; sourceTree = "<group>"; };
		E25D84BE1ACEE13B00D98118 /* PhotoManagerView.m */ = {isa = PBXFileReference; fileEncoding = 4; lastKnownFileType = sourcecode.c.objc; path = PhotoManagerView.m; sourceTree = "<group>"; };
		E25D84C11ACEFFB700D98118 /* DonorsTableViewController.h */ = {isa = PBXFileReference; fileEncoding = 4; lastKnownFileType = sourcecode.c.h; path = DonorsTableViewController.h; sourceTree = "<group>"; };
		E25D84C21ACEFFB700D98118 /* DonorsTableViewController.m */ = {isa = PBXFileReference; fileEncoding = 4; lastKnownFileType = sourcecode.c.objc; path = DonorsTableViewController.m; sourceTree = "<group>"; };
		E25D84C51ACF013600D98118 /* StatDetailsViewController.h */ = {isa = PBXFileReference; fileEncoding = 4; lastKnownFileType = sourcecode.c.h; path = StatDetailsViewController.h; sourceTree = "<group>"; };
		E25D84C61ACF013600D98118 /* StatDetailsViewController.m */ = {isa = PBXFileReference; fileEncoding = 4; lastKnownFileType = sourcecode.c.objc; path = StatDetailsViewController.m; sourceTree = "<group>"; };
		ED51748089525FC2668399D6 /* Pods.release.xcconfig */ = {isa = PBXFileReference; includeInIndex = 1; lastKnownFileType = text.xcconfig; name = Pods.release.xcconfig; path = "Pods/Target Support Files/Pods/Pods.release.xcconfig"; sourceTree = "<group>"; };
/* End PBXFileReference section */

/* Begin PBXFrameworksBuildPhase section */
		3617DEF01ACC376E0078F4E3 /* Frameworks */ = {
			isa = PBXFrameworksBuildPhase;
			buildActionMask = 2147483647;
			files = (
				36C67098E328C4594321760C /* libPods.a in Frameworks */,
			);
			runOnlyForDeploymentPostprocessing = 0;
		};
		3617DF091ACC376E0078F4E3 /* Frameworks */ = {
			isa = PBXFrameworksBuildPhase;
			buildActionMask = 2147483647;
			files = (
			);
			runOnlyForDeploymentPostprocessing = 0;
		};
/* End PBXFrameworksBuildPhase section */

/* Begin PBXGroup section */
		3617DEEA1ACC376E0078F4E3 = {
			isa = PBXGroup;
			children = (
				36AE944C1AD47B0A00F32AD5 /* NSDate+DateConvenienceMethods.h */,
				36AE944D1AD47B0A00F32AD5 /* NSDate+DateConvenienceMethods.m */,
				36AE94461AD45F5800F32AD5 /* UIColor+DonorsChooseColors.h */,
				36AE94471AD45F5800F32AD5 /* UIColor+DonorsChooseColors.m */,
				36B124141AD18670009866EB /* FISDonation.h */,
				36B124151AD18670009866EB /* FISDonation.m */,
				36B124111ACDAF8E009866EB /* FISParseAPI.h */,
				36B124121ACDAF8E009866EB /* FISParseAPI.m */,
				360394F61ACCA70500114853 /* LogInViewController.h */,
				360394F71ACCA70500114853 /* LogInViewController.m */,
				360394F81ACCA70500114853 /* SignUpViewController.h */,
				360394F91ACCA70500114853 /* SignUpViewController.m */,
				369388491ACC435200E7A2E6 /* Database Classes */,
				E25D84A01ACDE1A800D98118 /* Detail Flow */,
				3693883D1ACC3DAC00E7A2E6 /* FISDonorsChooseAPI.h */,
				3693883E1ACC3DAC00E7A2E6 /* FISDonorsChooseAPI.m */,
				3DAB19BD1ACD8DF800623967 /* FISConstants.h */,
				3DAB19BE1ACD8DF800623967 /* FISConstants.m */,
				3617DEF51ACC376E0078F4E3 /* TeachersChoose */,
				3617DF0F1ACC376E0078F4E3 /* TeachersChooseTests */,
				3617DEF41ACC376E0078F4E3 /* Products */,
				EC9D2303EC39AADA6631DC7E /* Pods */,
				BA2FA31B23C2AA3604D52389 /* Frameworks */,
			);
			sourceTree = "<group>";
		};
		3617DEF41ACC376E0078F4E3 /* Products */ = {
			isa = PBXGroup;
			children = (
				3617DEF31ACC376E0078F4E3 /* TeachersChoose.app */,
				3617DF0C1ACC376E0078F4E3 /* TeachersChooseTests.xctest */,
			);
			name = Products;
			sourceTree = "<group>";
		};
		3617DEF51ACC376E0078F4E3 /* TeachersChoose */ = {
			isa = PBXGroup;
			children = (
				3617DEFA1ACC376E0078F4E3 /* AppDelegate.h */,
				3617DEFB1ACC376E0078F4E3 /* AppDelegate.m */,
				3617DEFD1ACC376E0078F4E3 /* veryFirstViewController.h */,
				3617DEFE1ACC376E0078F4E3 /* veryFirstViewController.m */,
				3617DF001ACC376E0078F4E3 /* Main.storyboard */,
				3D7F12C61ACEEB2F0038C31B /* Proposal.h */,
				3D7F12C71ACEEB2F0038C31B /* Proposal.m */,
				3DAB19C01ACD9B1F00623967 /* MainTableViewViewController.h */,
				3DAB19C11ACD9B1F00623967 /* MainTableViewViewController.m */,
				3617DF051ACC376E0078F4E3 /* LaunchScreen.xib */,
				3D577A1F1ACDDF02007F7A01 /* ProposalTableViewCell.h */,
				3D577A201ACDDF02007F7A01 /* ProposalTableViewCell.m */,
				3617DF031ACC376E0078F4E3 /* Images.xcassets */,
				3617DEF61ACC376E0078F4E3 /* Supporting Files */,
			);
			path = TeachersChoose;
			sourceTree = "<group>";
		};
		3617DEF61ACC376E0078F4E3 /* Supporting Files */ = {
			isa = PBXGroup;
			children = (
				3617DEF71ACC376E0078F4E3 /* Info.plist */,
				3617DEF81ACC376E0078F4E3 /* main.m */,
			);
			name = "Supporting Files";
			sourceTree = "<group>";
		};
		3617DF0F1ACC376E0078F4E3 /* TeachersChooseTests */ = {
			isa = PBXGroup;
			children = (
				3617DF121ACC376E0078F4E3 /* TeachersChooseTests.m */,
				3617DF101ACC376E0078F4E3 /* Supporting Files */,
			);
			path = TeachersChooseTests;
			sourceTree = "<group>";
		};
		3617DF101ACC376E0078F4E3 /* Supporting Files */ = {
			isa = PBXGroup;
			children = (
				3617DF111ACC376E0078F4E3 /* Info.plist */,
			);
			name = "Supporting Files";
			sourceTree = "<group>";
		};
		369388491ACC435200E7A2E6 /* Database Classes */ = {
			isa = PBXGroup;
			children = (
				3693884D1ACC788F00E7A2E6 /* FISDonorsChooseTeacher.h */,
				3693884E1ACC788F00E7A2E6 /* FISDonorsChooseTeacher.m */,
				369388431ACC3DDC00E7A2E6 /* FISDonorsChooseDatastore.h */,
				369388441ACC3DDD00E7A2E6 /* FISDonorsChooseDatastore.m */,
				3693883F1ACC3DAC00E7A2E6 /* FISDonorsChooseProposal.h */,
				369388401ACC3DAC00E7A2E6 /* FISDonorsChooseProposal.m */,
			);
			name = "Database Classes";
			sourceTree = "<group>";
		};
		BA2FA31B23C2AA3604D52389 /* Frameworks */ = {
			isa = PBXGroup;
			children = (
				6E3A6D663C527B52F55FDB09 /* libPods.a */,
			);
			name = Frameworks;
			sourceTree = "<group>";
		};
		E25D84A01ACDE1A800D98118 /* Detail Flow */ = {
			isa = PBXGroup;
			children = (
				E25D84B61ACEDCCB00D98118 /* FakeMainStoryboard.storyboard */,
				E25D84B31ACEDBDF00D98118 /* FakeHomepageTableViewController.h */,
				E25D84B41ACEDBDF00D98118 /* FakeHomepageTableViewController.m */,
				E25D84B81ACEDE1000D98118 /* DetailsTabBarController.h */,
				E25D84B91ACEDE1000D98118 /* DetailsTabBarController.m */,
				E25D84C81ACF013A00D98118 /* Stats */,
				E25D84C01ACEFEF100D98118 /* Comments */,
				E25D84C41ACEFFC100D98118 /* Donors */,
				E25D84B21ACED9B700D98118 /* Camera */,
			);
			name = "Detail Flow";
			sourceTree = "<group>";
		};
		E25D84B21ACED9B700D98118 /* Camera */ = {
			isa = PBXGroup;
			children = (
				E25D84AA1ACED68A00D98118 /* PhotoManagerViewController.h */,
				E25D84AB1ACED68A00D98118 /* PhotoManagerViewController.m */,
				E25D84B01ACED69600D98118 /* CameraTest.storyboard */,
				E25D84A81ACED68A00D98118 /* CompletionImageCollectionViewCell.h */,
				E25D84A91ACED68A00D98118 /* CompletionImageCollectionViewCell.m */,
				E25D84BB1ACEE12C00D98118 /* PhotoManagerView.xib */,
				E25D84BD1ACEE13B00D98118 /* PhotoManagerView.h */,
				E25D84BE1ACEE13B00D98118 /* PhotoManagerView.m */,
			);
			name = Camera;
			sourceTree = "<group>";
		};
		E25D84C01ACEFEF100D98118 /* Comments */ = {
			isa = PBXGroup;
			children = (
				E25D84A31ACDE1FB00D98118 /* CommentsTableViewController.h */,
				E25D84A41ACDE1FB00D98118 /* CommentsTableViewController.m */,
			);
			name = Comments;
			sourceTree = "<group>";
		};
		E25D84C41ACEFFC100D98118 /* Donors */ = {
			isa = PBXGroup;
			children = (
				E25D84C11ACEFFB700D98118 /* DonorsTableViewController.h */,
				E25D84C21ACEFFB700D98118 /* DonorsTableViewController.m */,
			);
			name = Donors;
			sourceTree = "<group>";
		};
		E25D84C81ACF013A00D98118 /* Stats */ = {
			isa = PBXGroup;
			children = (
				E25D84C51ACF013600D98118 /* StatDetailsViewController.h */,
				E25D84C61ACF013600D98118 /* StatDetailsViewController.m */,
			);
			name = Stats;
			sourceTree = "<group>";
		};
		EC9D2303EC39AADA6631DC7E /* Pods */ = {
			isa = PBXGroup;
			children = (
				C3CF127D1B9343EE2845CDD4 /* Pods.debug.xcconfig */,
				ED51748089525FC2668399D6 /* Pods.release.xcconfig */,
			);
			name = Pods;
			sourceTree = "<group>";
		};
/* End PBXGroup section */

/* Begin PBXNativeTarget section */
		3617DEF21ACC376E0078F4E3 /* TeachersChoose */ = {
			isa = PBXNativeTarget;
			buildConfigurationList = 3617DF161ACC376E0078F4E3 /* Build configuration list for PBXNativeTarget "TeachersChoose" */;
			buildPhases = (
				1E780520E75A9F7C3361D335 /* Check Pods Manifest.lock */,
				3617DEEF1ACC376E0078F4E3 /* Sources */,
				3617DEF01ACC376E0078F4E3 /* Frameworks */,
				3617DEF11ACC376E0078F4E3 /* Resources */,
				4CD8EA1F6848E8F8485E37F9 /* Copy Pods Resources */,
			);
			buildRules = (
			);
			dependencies = (
			);
			name = TeachersChoose;
			productName = TeachersChoose;
			productReference = 3617DEF31ACC376E0078F4E3 /* TeachersChoose.app */;
			productType = "com.apple.product-type.application";
		};
		3617DF0B1ACC376E0078F4E3 /* TeachersChooseTests */ = {
			isa = PBXNativeTarget;
			buildConfigurationList = 3617DF191ACC376E0078F4E3 /* Build configuration list for PBXNativeTarget "TeachersChooseTests" */;
			buildPhases = (
				3617DF081ACC376E0078F4E3 /* Sources */,
				3617DF091ACC376E0078F4E3 /* Frameworks */,
				3617DF0A1ACC376E0078F4E3 /* Resources */,
			);
			buildRules = (
			);
			dependencies = (
				3617DF0E1ACC376E0078F4E3 /* PBXTargetDependency */,
			);
			name = TeachersChooseTests;
			productName = TeachersChooseTests;
			productReference = 3617DF0C1ACC376E0078F4E3 /* TeachersChooseTests.xctest */;
			productType = "com.apple.product-type.bundle.unit-test";
		};
/* End PBXNativeTarget section */

/* Begin PBXProject section */
		3617DEEB1ACC376E0078F4E3 /* Project object */ = {
			isa = PBXProject;
			attributes = {
				LastUpgradeCheck = 0620;
				ORGANIZATIONNAME = ZandTheDMs;
				TargetAttributes = {
					3617DEF21ACC376E0078F4E3 = {
						CreatedOnToolsVersion = 6.2;
					};
					3617DF0B1ACC376E0078F4E3 = {
						CreatedOnToolsVersion = 6.2;
						TestTargetID = 3617DEF21ACC376E0078F4E3;
					};
				};
			};
			buildConfigurationList = 3617DEEE1ACC376E0078F4E3 /* Build configuration list for PBXProject "TeachersChoose" */;
			compatibilityVersion = "Xcode 3.2";
			developmentRegion = English;
			hasScannedForEncodings = 0;
			knownRegions = (
				en,
				Base,
			);
			mainGroup = 3617DEEA1ACC376E0078F4E3;
			productRefGroup = 3617DEF41ACC376E0078F4E3 /* Products */;
			projectDirPath = "";
			projectRoot = "";
			targets = (
				3617DEF21ACC376E0078F4E3 /* TeachersChoose */,
				3617DF0B1ACC376E0078F4E3 /* TeachersChooseTests */,
			);
		};
/* End PBXProject section */

/* Begin PBXResourcesBuildPhase section */
		3617DEF11ACC376E0078F4E3 /* Resources */ = {
			isa = PBXResourcesBuildPhase;
			buildActionMask = 2147483647;
			files = (
				3617DF021ACC376E0078F4E3 /* Main.storyboard in Resources */,
				3617DF071ACC376E0078F4E3 /* LaunchScreen.xib in Resources */,
				3617DF041ACC376E0078F4E3 /* Images.xcassets in Resources */,
				E25D84B11ACED69600D98118 /* CameraTest.storyboard in Resources */,
				E25D84BC1ACEE12C00D98118 /* PhotoManagerView.xib in Resources */,
				E25D84B71ACEDCCB00D98118 /* FakeMainStoryboard.storyboard in Resources */,
			);
			runOnlyForDeploymentPostprocessing = 0;
		};
		3617DF0A1ACC376E0078F4E3 /* Resources */ = {
			isa = PBXResourcesBuildPhase;
			buildActionMask = 2147483647;
			files = (
			);
			runOnlyForDeploymentPostprocessing = 0;
		};
/* End PBXResourcesBuildPhase section */

/* Begin PBXShellScriptBuildPhase section */
		1E780520E75A9F7C3361D335 /* Check Pods Manifest.lock */ = {
			isa = PBXShellScriptBuildPhase;
			buildActionMask = 2147483647;
			files = (
			);
			inputPaths = (
			);
			name = "Check Pods Manifest.lock";
			outputPaths = (
			);
			runOnlyForDeploymentPostprocessing = 0;
			shellPath = /bin/sh;
			shellScript = "diff \"${PODS_ROOT}/../Podfile.lock\" \"${PODS_ROOT}/Manifest.lock\" > /dev/null\nif [[ $? != 0 ]] ; then\n    cat << EOM\nerror: The sandbox is not in sync with the Podfile.lock. Run 'pod install' or update your CocoaPods installation.\nEOM\n    exit 1\nfi\n";
			showEnvVarsInLog = 0;
		};
		4CD8EA1F6848E8F8485E37F9 /* Copy Pods Resources */ = {
			isa = PBXShellScriptBuildPhase;
			buildActionMask = 2147483647;
			files = (
			);
			inputPaths = (
			);
			name = "Copy Pods Resources";
			outputPaths = (
			);
			runOnlyForDeploymentPostprocessing = 0;
			shellPath = /bin/sh;
			shellScript = "\"${SRCROOT}/Pods/Target Support Files/Pods/Pods-resources.sh\"\n";
			showEnvVarsInLog = 0;
		};
/* End PBXShellScriptBuildPhase section */

/* Begin PBXSourcesBuildPhase section */
		3617DEEF1ACC376E0078F4E3 /* Sources */ = {
			isa = PBXSourcesBuildPhase;
			buildActionMask = 2147483647;
			files = (
				E26AD5DD1AD33D9200BACAE8 /* veryFirstViewController.m in Sources */,
				E26AD5DC1AD33D7900BACAE8 /* FISDonorsChooseDatastore.m in Sources */,
				E26AD5DB1AD33D6400BACAE8 /* AppDelegate.m in Sources */,
				369388421ACC3DAC00E7A2E6 /* FISDonorsChooseProposal.m in Sources */,
				369388411ACC3DAC00E7A2E6 /* FISDonorsChooseAPI.m in Sources */,
				E25D84B51ACEDBDF00D98118 /* FakeHomepageTableViewController.m in Sources */,
				E25D84C31ACEFFB700D98118 /* DonorsTableViewController.m in Sources */,
				E25D84C71ACF013600D98118 /* StatDetailsViewController.m in Sources */,
				E25D84AE1ACED68A00D98118 /* PhotoManagerViewController.m in Sources */,
				36AE94481AD45F5800F32AD5 /* UIColor+DonorsChooseColors.m in Sources */,
				36AE944E1AD47B0A00F32AD5 /* NSDate+DateConvenienceMethods.m in Sources */,
				E25D84A51ACDE1FB00D98118 /* CommentsTableViewController.m in Sources */,
				36B124161AD18670009866EB /* FISDonation.m in Sources */,
				E25D84BF1ACEE13B00D98118 /* PhotoManagerView.m in Sources */,
				E25D84BA1ACEDE1000D98118 /* DetailsTabBarController.m in Sources */,
				3D7F12C81ACEEB2F0038C31B /* Proposal.m in Sources */,
				3DAB19C21ACD9B1F00623967 /* MainTableViewViewController.m in Sources */,
				3D577A211ACDDF02007F7A01 /* ProposalTableViewCell.m in Sources */,
				3DAB19BF1ACD8DF800623967 /* FISConstants.m in Sources */,
				3617DEF91ACC376E0078F4E3 /* main.m in Sources */,
				E25D84AD1ACED68A00D98118 /* CompletionImageCollectionViewCell.m in Sources */,
				3693884F1ACC788F00E7A2E6 /* FISDonorsChooseTeacher.m in Sources */,
				36B124131ACDAF8E009866EB /* FISParseAPI.m in Sources */,
			);
			runOnlyForDeploymentPostprocessing = 0;
		};
		3617DF081ACC376E0078F4E3 /* Sources */ = {
			isa = PBXSourcesBuildPhase;
			buildActionMask = 2147483647;
			files = (
				3617DF131ACC376E0078F4E3 /* TeachersChooseTests.m in Sources */,
			);
			runOnlyForDeploymentPostprocessing = 0;
		};
/* End PBXSourcesBuildPhase section */

/* Begin PBXTargetDependency section */
		3617DF0E1ACC376E0078F4E3 /* PBXTargetDependency */ = {
			isa = PBXTargetDependency;
			target = 3617DEF21ACC376E0078F4E3 /* TeachersChoose */;
			targetProxy = 3617DF0D1ACC376E0078F4E3 /* PBXContainerItemProxy */;
		};
/* End PBXTargetDependency section */

/* Begin PBXVariantGroup section */
		3617DF001ACC376E0078F4E3 /* Main.storyboard */ = {
			isa = PBXVariantGroup;
			children = (
				3617DF011ACC376E0078F4E3 /* Base */,
			);
			name = Main.storyboard;
			sourceTree = "<group>";
		};
		3617DF051ACC376E0078F4E3 /* LaunchScreen.xib */ = {
			isa = PBXVariantGroup;
			children = (
				3617DF061ACC376E0078F4E3 /* Base */,
			);
			name = LaunchScreen.xib;
			sourceTree = "<group>";
		};
/* End PBXVariantGroup section */

/* Begin XCBuildConfiguration section */
		3617DF141ACC376E0078F4E3 /* Debug */ = {
			isa = XCBuildConfiguration;
			buildSettings = {
				ALWAYS_SEARCH_USER_PATHS = NO;
				CLANG_CXX_LANGUAGE_STANDARD = "gnu++0x";
				CLANG_CXX_LIBRARY = "libc++";
				CLANG_ENABLE_MODULES = YES;
				CLANG_ENABLE_OBJC_ARC = YES;
				CLANG_WARN_BOOL_CONVERSION = YES;
				CLANG_WARN_CONSTANT_CONVERSION = YES;
				CLANG_WARN_DIRECT_OBJC_ISA_USAGE = YES_ERROR;
				CLANG_WARN_EMPTY_BODY = YES;
				CLANG_WARN_ENUM_CONVERSION = YES;
				CLANG_WARN_INT_CONVERSION = YES;
				CLANG_WARN_OBJC_ROOT_CLASS = YES_ERROR;
				CLANG_WARN_UNREACHABLE_CODE = YES;
				CLANG_WARN__DUPLICATE_METHOD_MATCH = YES;
				"CODE_SIGN_IDENTITY[sdk=iphoneos*]" = "iPhone Developer";
				COPY_PHASE_STRIP = NO;
				ENABLE_STRICT_OBJC_MSGSEND = YES;
				GCC_C_LANGUAGE_STANDARD = gnu99;
				GCC_DYNAMIC_NO_PIC = NO;
				GCC_OPTIMIZATION_LEVEL = 0;
				GCC_PREPROCESSOR_DEFINITIONS = (
					"DEBUG=1",
					"$(inherited)",
				);
				GCC_SYMBOLS_PRIVATE_EXTERN = NO;
				GCC_WARN_64_TO_32_BIT_CONVERSION = YES;
				GCC_WARN_ABOUT_RETURN_TYPE = YES_ERROR;
				GCC_WARN_UNDECLARED_SELECTOR = YES;
				GCC_WARN_UNINITIALIZED_AUTOS = YES_AGGRESSIVE;
				GCC_WARN_UNUSED_FUNCTION = YES;
				GCC_WARN_UNUSED_VARIABLE = YES;
				IPHONEOS_DEPLOYMENT_TARGET = 8.2;
				MTL_ENABLE_DEBUG_INFO = YES;
				ONLY_ACTIVE_ARCH = YES;
				SDKROOT = iphoneos;
			};
			name = Debug;
		};
		3617DF151ACC376E0078F4E3 /* Release */ = {
			isa = XCBuildConfiguration;
			buildSettings = {
				ALWAYS_SEARCH_USER_PATHS = NO;
				CLANG_CXX_LANGUAGE_STANDARD = "gnu++0x";
				CLANG_CXX_LIBRARY = "libc++";
				CLANG_ENABLE_MODULES = YES;
				CLANG_ENABLE_OBJC_ARC = YES;
				CLANG_WARN_BOOL_CONVERSION = YES;
				CLANG_WARN_CONSTANT_CONVERSION = YES;
				CLANG_WARN_DIRECT_OBJC_ISA_USAGE = YES_ERROR;
				CLANG_WARN_EMPTY_BODY = YES;
				CLANG_WARN_ENUM_CONVERSION = YES;
				CLANG_WARN_INT_CONVERSION = YES;
				CLANG_WARN_OBJC_ROOT_CLASS = YES_ERROR;
				CLANG_WARN_UNREACHABLE_CODE = YES;
				CLANG_WARN__DUPLICATE_METHOD_MATCH = YES;
				"CODE_SIGN_IDENTITY[sdk=iphoneos*]" = "iPhone Developer";
				COPY_PHASE_STRIP = NO;
				ENABLE_NS_ASSERTIONS = NO;
				ENABLE_STRICT_OBJC_MSGSEND = YES;
				GCC_C_LANGUAGE_STANDARD = gnu99;
				GCC_WARN_64_TO_32_BIT_CONVERSION = YES;
				GCC_WARN_ABOUT_RETURN_TYPE = YES_ERROR;
				GCC_WARN_UNDECLARED_SELECTOR = YES;
				GCC_WARN_UNINITIALIZED_AUTOS = YES_AGGRESSIVE;
				GCC_WARN_UNUSED_FUNCTION = YES;
				GCC_WARN_UNUSED_VARIABLE = YES;
				IPHONEOS_DEPLOYMENT_TARGET = 8.2;
				MTL_ENABLE_DEBUG_INFO = NO;
				SDKROOT = iphoneos;
				VALIDATE_PRODUCT = YES;
			};
			name = Release;
		};
		3617DF171ACC376E0078F4E3 /* Debug */ = {
			isa = XCBuildConfiguration;
			baseConfigurationReference = C3CF127D1B9343EE2845CDD4 /* Pods.debug.xcconfig */;
			buildSettings = {
				ASSETCATALOG_COMPILER_APPICON_NAME = AppIcon;
				INFOPLIST_FILE = TeachersChoose/Info.plist;
				LD_RUNPATH_SEARCH_PATHS = "$(inherited) @executable_path/Frameworks";
				PRODUCT_NAME = "$(TARGET_NAME)";
			};
			name = Debug;
		};
		3617DF181ACC376E0078F4E3 /* Release */ = {
			isa = XCBuildConfiguration;
			baseConfigurationReference = ED51748089525FC2668399D6 /* Pods.release.xcconfig */;
			buildSettings = {
				ASSETCATALOG_COMPILER_APPICON_NAME = AppIcon;
				INFOPLIST_FILE = TeachersChoose/Info.plist;
				LD_RUNPATH_SEARCH_PATHS = "$(inherited) @executable_path/Frameworks";
				PRODUCT_NAME = "$(TARGET_NAME)";
			};
			name = Release;
		};
		3617DF1A1ACC376E0078F4E3 /* Debug */ = {
			isa = XCBuildConfiguration;
			buildSettings = {
				BUNDLE_LOADER = "$(TEST_HOST)";
				FRAMEWORK_SEARCH_PATHS = (
					"$(SDKROOT)/Developer/Library/Frameworks",
					"$(inherited)",
				);
				GCC_PREPROCESSOR_DEFINITIONS = (
					"DEBUG=1",
					"$(inherited)",
				);
				INFOPLIST_FILE = TeachersChooseTests/Info.plist;
				LD_RUNPATH_SEARCH_PATHS = "$(inherited) @executable_path/Frameworks @loader_path/Frameworks";
				PRODUCT_NAME = "$(TARGET_NAME)";
				TEST_HOST = "$(BUILT_PRODUCTS_DIR)/TeachersChoose.app/TeachersChoose";
			};
			name = Debug;
		};
		3617DF1B1ACC376E0078F4E3 /* Release */ = {
			isa = XCBuildConfiguration;
			buildSettings = {
				BUNDLE_LOADER = "$(TEST_HOST)";
				FRAMEWORK_SEARCH_PATHS = (
					"$(SDKROOT)/Developer/Library/Frameworks",
					"$(inherited)",
				);
				INFOPLIST_FILE = TeachersChooseTests/Info.plist;
				LD_RUNPATH_SEARCH_PATHS = "$(inherited) @executable_path/Frameworks @loader_path/Frameworks";
				PRODUCT_NAME = "$(TARGET_NAME)";
				TEST_HOST = "$(BUILT_PRODUCTS_DIR)/TeachersChoose.app/TeachersChoose";
			};
			name = Release;
		};
/* End XCBuildConfiguration section */

/* Begin XCConfigurationList section */
		3617DEEE1ACC376E0078F4E3 /* Build configuration list for PBXProject "TeachersChoose" */ = {
			isa = XCConfigurationList;
			buildConfigurations = (
				3617DF141ACC376E0078F4E3 /* Debug */,
				3617DF151ACC376E0078F4E3 /* Release */,
			);
			defaultConfigurationIsVisible = 0;
			defaultConfigurationName = Release;
		};
		3617DF161ACC376E0078F4E3 /* Build configuration list for PBXNativeTarget "TeachersChoose" */ = {
			isa = XCConfigurationList;
			buildConfigurations = (
				3617DF171ACC376E0078F4E3 /* Debug */,
				3617DF181ACC376E0078F4E3 /* Release */,
			);
			defaultConfigurationIsVisible = 0;
			defaultConfigurationName = Release;
		};
		3617DF191ACC376E0078F4E3 /* Build configuration list for PBXNativeTarget "TeachersChooseTests" */ = {
			isa = XCConfigurationList;
			buildConfigurations = (
				3617DF1A1ACC376E0078F4E3 /* Debug */,
				3617DF1B1ACC376E0078F4E3 /* Release */,
			);
			defaultConfigurationIsVisible = 0;
			defaultConfigurationName = Release;
		};
/* End XCConfigurationList section */
	};
	rootObject = 3617DEEB1ACC376E0078F4E3 /* Project object */;
}
